schema: '2.0'
stages:
  preprocess:
    cmd: python preprocess.py
    deps:
    - path: data/raw/ts.csv
      md5: d4b373291669f4954e6c4fb9f0fc5556
      size: 186735
    - path: preprocess.py
      md5: 1fe657eb75a0cdcdfdeb48f3736f5b5b
      size: 810
    params:
      params.yaml:
        remote: gcs
        rev: v1
    outs:
    - path: data/intermediate/ts_pp.csv
      md5: ace5c832a5c982e1707afa469ccda2ba
      size: 9798
  train:
    cmd: python train.py
    deps:
    - path: data/intermediate/ts_pp.csv
      md5: ace5c832a5c982e1707afa469ccda2ba
      size: 9798
    - path: train.py
      md5: c27e9637324d2b98ab32cbee8a6a05c7
      size: 816
    params:
      params.yaml:
        train.param0: 42
    outs:
    - path: artifacts/data.json
      md5: 3f0db3fabe6e7f9640ddf4efa46ea5bc
      size: 16090
    - path: artifacts/scores.json
      md5: fb39f86f571520220cd3ca0d180b5b9a
      size: 32
